
Microsoft Visual Studio Solution File, Format Version 12.00
# Visual Studio Version 17
VisualStudioVersion = 17.0.32112.339
MinimumVisualStudioVersion = 10.0.40219.1
Project("{9A19103F-16F7-4668-BE54-9A1E7A4F7556}") = "TileFitterProConsole", "TileFitterProConsole\TileFitterProConsole.csproj", "{F12E5ED3-2269-4839-93F5-8D56BA36C5BB}"
EndProject
Project("{9A19103F-16F7-4668-BE54-9A1E7A4F7556}") = "TileFitter", "TileFitter\TileFitter.csproj", "{B210FC05-A9D7-43A7-BFAE-6C09FF537E60}"
EndProject
Project("{FAE04EC0-301F-11D3-BF4B-00C04F79EFBC}") = "TileFitterPro", "TileFitterPro\TileFitterPro.csproj", "{CFCAEF7E-F6D5-4616-BF9F-756436B73C0B}"
EndProject
Project("{9A19103F-16F7-4668-BE54-9A1E7A4F7556}") = "TileFitterPro.Core", "TileFitterPro.Core\TileFitterPro.Core.csproj", "{C1DD4ABF-A2E5-445E-9284-666BFE6742BA}"
EndProject
Project("{FAE04EC0-301F-11D3-BF4B-00C04F79EFBC}") = "TileFitterPro.Tests.xUnit", "TileFitterPro.Tests.xUnit\TileFitterPro.Tests.xUnit.csproj", "{23234CEF-4357-4EC1-B7CE-664EF4ED1327}"
EndProject
Project("{FAE04EC0-301F-11D3-BF4B-00C04F79EFBC}") = "TileFitterLibrary", "TileFitterLibrary\TileFitterLibrary.csproj", "{16C82B9F-ED4A-4104-8593-0D8582B6ADC3}"
EndProject
Global
	GlobalSection(SolutionConfigurationPlatforms) = preSolution
		Debug|Any CPU = Debug|Any CPU
		Debug|ARM = Debug|ARM
		Debug|ARM64 = Debug|ARM64
		Debug|x64 = Debug|x64
		Debug|x86 = Debug|x86
		Release|Any CPU = Release|Any CPU
		Release|ARM = Release|ARM
		Release|ARM64 = Release|ARM64
		Release|x64 = Release|x64
		Release|x86 = Release|x86
	EndGlobalSection
	GlobalSection(ProjectConfigurationPlatforms) = postSolution
		{F12E5ED3-2269-4839-93F5-8D56BA36C5BB}.Debug|Any CPU.ActiveCfg = Debug|Any CPU
		{F12E5ED3-2269-4839-93F5-8D56BA36C5BB}.Debug|Any CPU.Build.0 = Debug|Any CPU
		{F12E5ED3-2269-4839-93F5-8D56BA36C5BB}.Debug|ARM.ActiveCfg = Debug|Any CPU
		{F12E5ED3-2269-4839-93F5-8D56BA36C5BB}.Debug|ARM.Build.0 = Debug|Any CPU
		{F12E5ED3-2269-4839-93F5-8D56BA36C5BB}.Debug|ARM64.ActiveCfg = Debug|Any CPU
		{F12E5ED3-2269-4839-93F5-8D56BA36C5BB}.Debug|ARM64.Build.0 = Debug|Any CPU
		{F12E5ED3-2269-4839-93F5-8D56BA36C5BB}.Debug|x64.ActiveCfg = Debug|Any CPU
		{F12E5ED3-2269-4839-93F5-8D56BA36C5BB}.Debug|x64.Build.0 = Debug|Any CPU
		{F12E5ED3-2269-4839-93F5-8D56BA36C5BB}.Debug|x86.ActiveCfg = Debug|Any CPU
		{F12E5ED3-2269-4839-93F5-8D56BA36C5BB}.Debug|x86.Build.0 = Debug|Any CPU
		{F12E5ED3-2269-4839-93F5-8D56BA36C5BB}.Release|Any CPU.ActiveCfg = Release|Any CPU
		{F12E5ED3-2269-4839-93F5-8D56BA36C5BB}.Release|Any CPU.Build.0 = Release|Any CPU
		{F12E5ED3-2269-4839-93F5-8D56BA36C5BB}.Release|ARM.ActiveCfg = Release|Any CPU
		{F12E5ED3-2269-4839-93F5-8D56BA36C5BB}.Release|ARM.Build.0 = Release|Any CPU
		{F12E5ED3-2269-4839-93F5-8D56BA36C5BB}.Release|ARM64.ActiveCfg = Release|Any CPU
		{F12E5ED3-2269-4839-93F5-8D56BA36C5BB}.Release|ARM64.Build.0 = Release|Any CPU
		{F12E5ED3-2269-4839-93F5-8D56BA36C5BB}.Release|x64.ActiveCfg = Release|Any CPU
		{F12E5ED3-2269-4839-93F5-8D56BA36C5BB}.Release|x64.Build.0 = Release|Any CPU
		{F12E5ED3-2269-4839-93F5-8D56BA36C5BB}.Release|x86.ActiveCfg = Release|Any CPU
		{F12E5ED3-2269-4839-93F5-8D56BA36C5BB}.Release|x86.Build.0 = Release|Any CPU
		{B210FC05-A9D7-43A7-BFAE-6C09FF537E60}.Debug|Any CPU.ActiveCfg = Debug|Any CPU
		{B210FC05-A9D7-43A7-BFAE-6C09FF537E60}.Debug|Any CPU.Build.0 = Debug|Any CPU
		{B210FC05-A9D7-43A7-BFAE-6C09FF537E60}.Debug|ARM.ActiveCfg = Debug|Any CPU
		{B210FC05-A9D7-43A7-BFAE-6C09FF537E60}.Debug|ARM.Build.0 = Debug|Any CPU
		{B210FC05-A9D7-43A7-BFAE-6C09FF537E60}.Debug|ARM64.ActiveCfg = Debug|Any CPU
		{B210FC05-A9D7-43A7-BFAE-6C09FF537E60}.Debug|ARM64.Build.0 = Debug|Any CPU
		{B210FC05-A9D7-43A7-BFAE-6C09FF537E60}.Debug|x64.ActiveCfg = Debug|Any CPU
		{B210FC05-A9D7-43A7-BFAE-6C09FF537E60}.Debug|x64.Build.0 = Debug|Any CPU
		{B210FC05-A9D7-43A7-BFAE-6C09FF537E60}.Debug|x86.ActiveCfg = Debug|Any CPU
		{B210FC05-A9D7-43A7-BFAE-6C09FF537E60}.Debug|x86.Build.0 = Debug|Any CPU
		{B210FC05-A9D7-43A7-BFAE-6C09FF537E60}.Release|Any CPU.ActiveCfg = Release|Any CPU
		{B210FC05-A9D7-43A7-BFAE-6C09FF537E60}.Release|Any CPU.Build.0 = Release|Any CPU
		{B210FC05-A9D7-43A7-BFAE-6C09FF537E60}.Release|ARM.ActiveCfg = Release|Any CPU
		{B210FC05-A9D7-43A7-BFAE-6C09FF537E60}.Release|ARM.Build.0 = Release|Any CPU
		{B210FC05-A9D7-43A7-BFAE-6C09FF537E60}.Release|ARM64.ActiveCfg = Release|Any CPU
		{B210FC05-A9D7-43A7-BFAE-6C09FF537E60}.Release|ARM64.Build.0 = Release|Any CPU
		{B210FC05-A9D7-43A7-BFAE-6C09FF537E60}.Release|x64.ActiveCfg = Release|Any CPU
		{B210FC05-A9D7-43A7-BFAE-6C09FF537E60}.Release|x64.Build.0 = Release|Any CPU
		{B210FC05-A9D7-43A7-BFAE-6C09FF537E60}.Release|x86.ActiveCfg = Release|Any CPU
		{B210FC05-A9D7-43A7-BFAE-6C09FF537E60}.Release|x86.Build.0 = Release|Any CPU
		{CFCAEF7E-F6D5-4616-BF9F-756436B73C0B}.Debug|Any CPU.ActiveCfg = Debug|x64
		{CFCAEF7E-F6D5-4616-BF9F-756436B73C0B}.Debug|Any CPU.Build.0 = Debug|x64
		{CFCAEF7E-F6D5-4616-BF9F-756436B73C0B}.Debug|Any CPU.Deploy.0 = Debug|x64
		{CFCAEF7E-F6D5-4616-BF9F-756436B73C0B}.Debug|ARM.ActiveCfg = Debug|ARM
		{CFCAEF7E-F6D5-4616-BF9F-756436B73C0B}.Debug|ARM.Build.0 = Debug|ARM
		{CFCAEF7E-F6D5-4616-BF9F-756436B73C0B}.Debug|ARM.Deploy.0 = Debug|ARM
		{CFCAEF7E-F6D5-4616-BF9F-756436B73C0B}.Debug|ARM64.ActiveCfg = Debug|ARM64
		{CFCAEF7E-F6D5-4616-BF9F-756436B73C0B}.Debug|ARM64.Build.0 = Debug|ARM64
		{CFCAEF7E-F6D5-4616-BF9F-756436B73C0B}.Debug|ARM64.Deploy.0 = Debug|ARM64
		{CFCAEF7E-F6D5-4616-BF9F-756436B73C0B}.Debug|x64.ActiveCfg = Debug|x64
		{CFCAEF7E-F6D5-4616-BF9F-756436B73C0B}.Debug|x64.Build.0 = Debug|x64
		{CFCAEF7E-F6D5-4616-BF9F-756436B73C0B}.Debug|x64.Deploy.0 = Debug|x64
		{CFCAEF7E-F6D5-4616-BF9F-756436B73C0B}.Debug|x86.ActiveCfg = Debug|x86
		{CFCAEF7E-F6D5-4616-BF9F-756436B73C0B}.Debug|x86.Build.0 = Debug|x86
		{CFCAEF7E-F6D5-4616-BF9F-756436B73C0B}.Debug|x86.Deploy.0 = Debug|x86
		{CFCAEF7E-F6D5-4616-BF9F-756436B73C0B}.Release|Any CPU.ActiveCfg = Release|x64
		{CFCAEF7E-F6D5-4616-BF9F-756436B73C0B}.Release|Any CPU.Build.0 = Release|x64
		{CFCAEF7E-F6D5-4616-BF9F-756436B73C0B}.Release|Any CPU.Deploy.0 = Release|x64
		{CFCAEF7E-F6D5-4616-BF9F-756436B73C0B}.Release|ARM.ActiveCfg = Release|ARM
		{CFCAEF7E-F6D5-4616-BF9F-756436B73C0B}.Release|ARM.Build.0 = Release|ARM
		{CFCAEF7E-F6D5-4616-BF9F-756436B73C0B}.Release|ARM.Deploy.0 = Release|ARM
		{CFCAEF7E-F6D5-4616-BF9F-756436B73C0B}.Release|ARM64.ActiveCfg = Release|ARM64
		{CFCAEF7E-F6D5-4616-BF9F-756436B73C0B}.Release|ARM64.Build.0 = Release|ARM64
		{CFCAEF7E-F6D5-4616-BF9F-756436B73C0B}.Release|ARM64.Deploy.0 = Release|ARM64
		{CFCAEF7E-F6D5-4616-BF9F-756436B73C0B}.Release|x64.ActiveCfg = Release|x64
		{CFCAEF7E-F6D5-4616-BF9F-756436B73C0B}.Release|x64.Build.0 = Release|x64
		{CFCAEF7E-F6D5-4616-BF9F-756436B73C0B}.Release|x64.Deploy.0 = Release|x64
		{CFCAEF7E-F6D5-4616-BF9F-756436B73C0B}.Release|x86.ActiveCfg = Release|x86
		{CFCAEF7E-F6D5-4616-BF9F-756436B73C0B}.Release|x86.Build.0 = Release|x86
		{CFCAEF7E-F6D5-4616-BF9F-756436B73C0B}.Release|x86.Deploy.0 = Release|x86
		{C1DD4ABF-A2E5-445E-9284-666BFE6742BA}.Debug|Any CPU.ActiveCfg = Debug|Any CPU
		{C1DD4ABF-A2E5-445E-9284-666BFE6742BA}.Debug|Any CPU.Build.0 = Debug|Any CPU
		{C1DD4ABF-A2E5-445E-9284-666BFE6742BA}.Debug|ARM.ActiveCfg = Debug|Any CPU
		{C1DD4ABF-A2E5-445E-9284-666BFE6742BA}.Debug|ARM.Build.0 = Debug|Any CPU
		{C1DD4ABF-A2E5-445E-9284-666BFE6742BA}.Debug|ARM64.ActiveCfg = Debug|Any CPU
		{C1DD4ABF-A2E5-445E-9284-666BFE6742BA}.Debug|ARM64.Build.0 = Debug|Any CPU
		{C1DD4ABF-A2E5-445E-9284-666BFE6742BA}.Debug|x64.ActiveCfg = Debug|Any CPU
		{C1DD4ABF-A2E5-445E-9284-666BFE6742BA}.Debug|x64.Build.0 = Debug|Any CPU
		{C1DD4ABF-A2E5-445E-9284-666BFE6742BA}.Debug|x86.ActiveCfg = Debug|Any CPU
		{C1DD4ABF-A2E5-445E-9284-666BFE6742BA}.Debug|x86.Build.0 = Debug|Any CPU
		{C1DD4ABF-A2E5-445E-9284-666BFE6742BA}.Release|Any CPU.ActiveCfg = Release|Any CPU
		{C1DD4ABF-A2E5-445E-9284-666BFE6742BA}.Release|Any CPU.Build.0 = Release|Any CPU
		{C1DD4ABF-A2E5-445E-9284-666BFE6742BA}.Release|ARM.ActiveCfg = Release|Any CPU
		{C1DD4ABF-A2E5-445E-9284-666BFE6742BA}.Release|ARM.Build.0 = Release|Any CPU
		{C1DD4ABF-A2E5-445E-9284-666BFE6742BA}.Release|ARM64.ActiveCfg = Release|Any CPU
		{C1DD4ABF-A2E5-445E-9284-666BFE6742BA}.Release|ARM64.Build.0 = Release|Any CPU
		{C1DD4ABF-A2E5-445E-9284-666BFE6742BA}.Release|x64.ActiveCfg = Release|Any CPU
		{C1DD4ABF-A2E5-445E-9284-666BFE6742BA}.Release|x64.Build.0 = Release|Any CPU
		{C1DD4ABF-A2E5-445E-9284-666BFE6742BA}.Release|x86.ActiveCfg = Release|Any CPU
		{C1DD4ABF-A2E5-445E-9284-666BFE6742BA}.Release|x86.Build.0 = Release|Any CPU
		{23234CEF-4357-4EC1-B7CE-664EF4ED1327}.Debug|Any CPU.ActiveCfg = Debug|x64
		{23234CEF-4357-4EC1-B7CE-664EF4ED1327}.Debug|Any CPU.Build.0 = Debug|x64
		{23234CEF-4357-4EC1-B7CE-664EF4ED1327}.Debug|Any CPU.Deploy.0 = Debug|x64
		{23234CEF-4357-4EC1-B7CE-664EF4ED1327}.Debug|ARM.ActiveCfg = Debug|ARM
		{23234CEF-4357-4EC1-B7CE-664EF4ED1327}.Debug|ARM.Build.0 = Debug|ARM
		{23234CEF-4357-4EC1-B7CE-664EF4ED1327}.Debug|ARM.Deploy.0 = Debug|ARM
		{23234CEF-4357-4EC1-B7CE-664EF4ED1327}.Debug|ARM64.ActiveCfg = Debug|x64
		{23234CEF-4357-4EC1-B7CE-664EF4ED1327}.Debug|ARM64.Build.0 = Debug|x64
		{23234CEF-4357-4EC1-B7CE-664EF4ED1327}.Debug|ARM64.Deploy.0 = Debug|x64
		{23234CEF-4357-4EC1-B7CE-664EF4ED1327}.Debug|x64.ActiveCfg = Debug|x64
		{23234CEF-4357-4EC1-B7CE-664EF4ED1327}.Debug|x64.Build.0 = Debug|x64
		{23234CEF-4357-4EC1-B7CE-664EF4ED1327}.Debug|x64.Deploy.0 = Debug|x64
		{23234CEF-4357-4EC1-B7CE-664EF4ED1327}.Debug|x86.ActiveCfg = Debug|x86
		{23234CEF-4357-4EC1-B7CE-664EF4ED1327}.Debug|x86.Build.0 = Debug|x86
		{23234CEF-4357-4EC1-B7CE-664EF4ED1327}.Debug|x86.Deploy.0 = Debug|x86
		{23234CEF-4357-4EC1-B7CE-664EF4ED1327}.Release|Any CPU.ActiveCfg = Release|x64
		{23234CEF-4357-4EC1-B7CE-664EF4ED1327}.Release|Any CPU.Build.0 = Release|x64
		{23234CEF-4357-4EC1-B7CE-664EF4ED1327}.Release|Any CPU.Deploy.0 = Release|x64
		{23234CEF-4357-4EC1-B7CE-664EF4ED1327}.Release|ARM.ActiveCfg = Release|ARM
		{23234CEF-4357-4EC1-B7CE-664EF4ED1327}.Release|ARM.Build.0 = Release|ARM
		{23234CEF-4357-4EC1-B7CE-664EF4ED1327}.Release|ARM.Deploy.0 = Release|ARM
		{23234CEF-4357-4EC1-B7CE-664EF4ED1327}.Release|ARM64.ActiveCfg = Release|x64
		{23234CEF-4357-4EC1-B7CE-664EF4ED1327}.Release|ARM64.Build.0 = Release|x64
		{23234CEF-4357-4EC1-B7CE-664EF4ED1327}.Release|ARM64.Deploy.0 = Release|x64
		{23234CEF-4357-4EC1-B7CE-664EF4ED1327}.Release|x64.ActiveCfg = Release|x64
		{23234CEF-4357-4EC1-B7CE-664EF4ED1327}.Release|x64.Build.0 = Release|x64
		{23234CEF-4357-4EC1-B7CE-664EF4ED1327}.Release|x64.Deploy.0 = Release|x64
		{23234CEF-4357-4EC1-B7CE-664EF4ED1327}.Release|x86.ActiveCfg = Release|x86
		{23234CEF-4357-4EC1-B7CE-664EF4ED1327}.Release|x86.Build.0 = Release|x86
		{23234CEF-4357-4EC1-B7CE-664EF4ED1327}.Release|x86.Deploy.0 = Release|x86
		{16C82B9F-ED4A-4104-8593-0D8582B6ADC3}.Debug|Any CPU.ActiveCfg = Debug|Any CPU
		{16C82B9F-ED4A-4104-8593-0D8582B6ADC3}.Debug|Any CPU.Build.0 = Debug|Any CPU
		{16C82B9F-ED4A-4104-8593-0D8582B6ADC3}.Debug|ARM.ActiveCfg = Debug|ARM
		{16C82B9F-ED4A-4104-8593-0D8582B6ADC3}.Debug|ARM.Build.0 = Debug|ARM
		{16C82B9F-ED4A-4104-8593-0D8582B6ADC3}.Debug|ARM64.ActiveCfg = Debug|ARM64
		{16C82B9F-ED4A-4104-8593-0D8582B6ADC3}.Debug|ARM64.Build.0 = Debug|ARM64
		{16C82B9F-ED4A-4104-8593-0D8582B6ADC3}.Debug|x64.ActiveCfg = Debug|x64
		{16C82B9F-ED4A-4104-8593-0D8582B6ADC3}.Debug|x64.Build.0 = Debug|x64
		{16C82B9F-ED4A-4104-8593-0D8582B6ADC3}.Debug|x86.ActiveCfg = Debug|x86
		{16C82B9F-ED4A-4104-8593-0D8582B6ADC3}.Debug|x86.Build.0 = Debug|x86
		{16C82B9F-ED4A-4104-8593-0D8582B6ADC3}.Release|Any CPU.ActiveCfg = Release|Any CPU
		{16C82B9F-ED4A-4104-8593-0D8582B6ADC3}.Release|Any CPU.Build.0 = Release|Any CPU
		{16C82B9F-ED4A-4104-8593-0D8582B6ADC3}.Release|ARM.ActiveCfg = Release|ARM
		{16C82B9F-ED4A-4104-8593-0D8582B6ADC3}.Release|ARM.Build.0 = Release|ARM
		{16C82B9F-ED4A-4104-8593-0D8582B6ADC3}.Release|ARM64.ActiveCfg = Release|ARM64
		{16C82B9F-ED4A-4104-8593-0D8582B6ADC3}.Release|ARM64.Build.0 = Release|ARM64
		{16C82B9F-ED4A-4104-8593-0D8582B6ADC3}.Release|x64.ActiveCfg = Release|x64
		{16C82B9F-ED4A-4104-8593-0D8582B6ADC3}.Release|x64.Build.0 = Release|x64
		{16C82B9F-ED4A-4104-8593-0D8582B6ADC3}.Release|x86.ActiveCfg = Release|x86
		{16C82B9F-ED4A-4104-8593-0D8582B6ADC3}.Release|x86.Build.0 = Release|x86
	EndGlobalSection
	GlobalSection(SolutionProperties) = preSolution
		HideSolutionNode = FALSE
	EndGlobalSection
	GlobalSection(ExtensibilityGlobals) = postSolution
		SolutionGuid = {B4680E3F-4D8F-4CB5-8603-4B14938E3A51}
	EndGlobalSection
EndGlobal
